// !$*UTF8*$!
{
	archiveVersion = 1;
	classes = {
	};
	objectVersion = 50;
	objects = {

/* Begin PBXBuildFile section */
		0A02B0862428C4B600F886A5 /* SettingsPresenter.swift in Sources */ = {isa = PBXBuildFile; fileRef = 0A02B0852428C4B600F886A5 /* SettingsPresenter.swift */; };
		0A02B0882428C4C600F886A5 /* Settings.swift in Sources */ = {isa = PBXBuildFile; fileRef = 0A02B0872428C4C600F886A5 /* Settings.swift */; };
		0A05827323D79173002F22C8 /* NoteTableViewController.swift in Sources */ = {isa = PBXBuildFile; fileRef = 0A05827223D79173002F22C8 /* NoteTableViewController.swift */; };
		0A0A7FB223D8BA7D00EE5994 /* CollectionCell.swift in Sources */ = {isa = PBXBuildFile; fileRef = 0A0A7FB023D8BA7D00EE5994 /* CollectionCell.swift */; };
		0A0A7FB323D8BA7D00EE5994 /* CollectionCellView.xib in Resources */ = {isa = PBXBuildFile; fileRef = 0A0A7FB123D8BA7D00EE5994 /* CollectionCellView.xib */; };
		0A28439B23D225510019B50F /* Footer.swift in Sources */ = {isa = PBXBuildFile; fileRef = 0A28439923D225510019B50F /* Footer.swift */; };
		0A28439C23D225510019B50F /* FooterView.xib in Resources */ = {isa = PBXBuildFile; fileRef = 0A28439A23D225510019B50F /* FooterView.xib */; };
		0A3AFE1E23DB6646007293A6 /* EditableTableViewController.swift in Sources */ = {isa = PBXBuildFile; fileRef = 0A3AFE1D23DB6646007293A6 /* EditableTableViewController.swift */; };
		0A3AFE2423DB6F0C007293A6 /* Note.swift in Sources */ = {isa = PBXBuildFile; fileRef = 0A3AFE2323DB6F0C007293A6 /* Note.swift */; };
		0A3AFE2623DB6F2D007293A6 /* Data.swift in Sources */ = {isa = PBXBuildFile; fileRef = 0A3AFE2523DB6F2D007293A6 /* Data.swift */; };
		0A8758172427428200037222 /* MetronomeModelTest.swift in Sources */ = {isa = PBXBuildFile; fileRef = 0A8758162427428200037222 /* MetronomeModelTest.swift */; };
		0A87581924276E3000037222 /* EditableTablePresenterTest.swift in Sources */ = {isa = PBXBuildFile; fileRef = 0A87581824276E2F00037222 /* EditableTablePresenterTest.swift */; };
		0A979F3C24334641000208D5 /* VibrationManager.swift in Sources */ = {isa = PBXBuildFile; fileRef = 0A979F3B24334641000208D5 /* VibrationManager.swift */; };
		0A9F10BD23D8025D00AF7B95 /* EditableTableCell.swift in Sources */ = {isa = PBXBuildFile; fileRef = 0A9F10BB23D8025D00AF7B95 /* EditableTableCell.swift */; };
		0A9F10BE23D8025D00AF7B95 /* EditableTableCellView.xib in Resources */ = {isa = PBXBuildFile; fileRef = 0A9F10BC23D8025D00AF7B95 /* EditableTableCellView.xib */; };
		0AA0891D2423397A0071CA7C /* NoteTablePresenter.swift in Sources */ = {isa = PBXBuildFile; fileRef = 0AA0891C2423397A0071CA7C /* NoteTablePresenter.swift */; };
		0AA0892024233B650071CA7C /* InstrumentTablePresenter.swift in Sources */ = {isa = PBXBuildFile; fileRef = 0AA0891F24233B650071CA7C /* InstrumentTablePresenter.swift */; };
		0AA08922242340C00071CA7C /* InstrumentTable.swift in Sources */ = {isa = PBXBuildFile; fileRef = 0AA08921242340C00071CA7C /* InstrumentTable.swift */; };
		0AA08924242341410071CA7C /* NoteTable.swift in Sources */ = {isa = PBXBuildFile; fileRef = 0AA08923242341410071CA7C /* NoteTable.swift */; };
		0AA08926242344A30071CA7C /* InstrumentTableView.xib in Resources */ = {isa = PBXBuildFile; fileRef = 0AA08925242344A30071CA7C /* InstrumentTableView.xib */; };
		0AA089282423452E0071CA7C /* NoteTableView.xib in Resources */ = {isa = PBXBuildFile; fileRef = 0AA089272423452E0071CA7C /* NoteTableView.xib */; };
		0AA6FED823C908A3008757DA /* AppDelegate.swift in Sources */ = {isa = PBXBuildFile; fileRef = 0AA6FED723C908A3008757DA /* AppDelegate.swift */; };
		0AA6FEDA23C908A3008757DA /* SceneDelegate.swift in Sources */ = {isa = PBXBuildFile; fileRef = 0AA6FED923C908A3008757DA /* SceneDelegate.swift */; };
		0AA6FEDC23C908A3008757DA /* MetronomeViewController.swift in Sources */ = {isa = PBXBuildFile; fileRef = 0AA6FEDB23C908A3008757DA /* MetronomeViewController.swift */; };
		0AA6FEE123C908A7008757DA /* Assets.xcassets in Resources */ = {isa = PBXBuildFile; fileRef = 0AA6FEE023C908A7008757DA /* Assets.xcassets */; };
		0AA6FEE423C908A7008757DA /* LaunchScreen.storyboard in Resources */ = {isa = PBXBuildFile; fileRef = 0AA6FEE223C908A7008757DA /* LaunchScreen.storyboard */; };
		0AA9E6FB24262B6400A93774 /* MetronomePresenterTest.swift in Sources */ = {isa = PBXBuildFile; fileRef = 0AA9E6FA24262B6400A93774 /* MetronomePresenterTest.swift */; };
		0AAC5C5624216D890056DAE5 /* Metronome.swift in Sources */ = {isa = PBXBuildFile; fileRef = 0AAC5C5524216D890056DAE5 /* Metronome.swift */; };
		0AAC5C58242172CB0056DAE5 /* Builder.swift in Sources */ = {isa = PBXBuildFile; fileRef = 0AAC5C57242172CB0056DAE5 /* Builder.swift */; };
		0AAC5C5A2421766F0056DAE5 /* MetronomePresenter.swift in Sources */ = {isa = PBXBuildFile; fileRef = 0AAC5C592421766F0056DAE5 /* MetronomePresenter.swift */; };
		0AAC5C5C242179F20056DAE5 /* MetronomeView.xib in Resources */ = {isa = PBXBuildFile; fileRef = 0AAC5C5B242179F20056DAE5 /* MetronomeView.xib */; };
		0AAC5C6B242236400056DAE5 /* TempoCreator.swift in Sources */ = {isa = PBXBuildFile; fileRef = 0AAC5C6A242236400056DAE5 /* TempoCreator.swift */; };
		0AAC5C6D242237B50056DAE5 /* SoundManager.swift in Sources */ = {isa = PBXBuildFile; fileRef = 0AAC5C6C242237B50056DAE5 /* SoundManager.swift */; };
		0AAC5C7724223D9B0056DAE5 /* GlobalSettings.swift in Sources */ = {isa = PBXBuildFile; fileRef = 0AAC5C7624223D9B0056DAE5 /* GlobalSettings.swift */; };
		0AAC5C79242255160056DAE5 /* EditableTablePresenter.swift in Sources */ = {isa = PBXBuildFile; fileRef = 0AAC5C78242255160056DAE5 /* EditableTablePresenter.swift */; };
		0AAC5C7B242256110056DAE5 /* Table.swift in Sources */ = {isa = PBXBuildFile; fileRef = 0AAC5C7A242256110056DAE5 /* Table.swift */; };
		0AAC5C8124226DA80056DAE5 /* CollectionPresenter.swift in Sources */ = {isa = PBXBuildFile; fileRef = 0AAC5C8024226DA80056DAE5 /* CollectionPresenter.swift */; };
		0AAC5C8324226E9F0056DAE5 /* Collection.swift in Sources */ = {isa = PBXBuildFile; fileRef = 0AAC5C8224226E9F0056DAE5 /* Collection.swift */; };
		0AB708EF242B40060029EEE5 /* SettingsView.xib in Resources */ = {isa = PBXBuildFile; fileRef = 0AB708EE242B40060029EEE5 /* SettingsView.xib */; };
		0AB708F2242B71090029EEE5 /* SettingsCell.swift in Sources */ = {isa = PBXBuildFile; fileRef = 0AB708F0242B71090029EEE5 /* SettingsCell.swift */; };
		0AB708F3242B71090029EEE5 /* SettingsCellView.xib in Resources */ = {isa = PBXBuildFile; fileRef = 0AB708F1242B71090029EEE5 /* SettingsCellView.xib */; };
		0AB708F5242B98780029EEE5 /* Preset.swift in Sources */ = {isa = PBXBuildFile; fileRef = 0AB708F4242B98780029EEE5 /* Preset.swift */; };
		0AB708F7242BC79E0029EEE5 /* SettingsPresenterTest.swift in Sources */ = {isa = PBXBuildFile; fileRef = 0AB708F6242BC79E0029EEE5 /* SettingsPresenterTest.swift */; };
		0AB708FD242BE6BE0029EEE5 /* MainTabBarPresenterTest.swift in Sources */ = {isa = PBXBuildFile; fileRef = 0AB708FC242BE6BE0029EEE5 /* MainTabBarPresenterTest.swift */; };
		0AB7F79023D873C700A9F62A /* CollectionViewController.swift in Sources */ = {isa = PBXBuildFile; fileRef = 0AB7F78E23D873C700A9F62A /* CollectionViewController.swift */; };
		0AB7F79123D873C700A9F62A /* CollectionView.xib in Resources */ = {isa = PBXBuildFile; fileRef = 0AB7F78F23D873C700A9F62A /* CollectionView.xib */; };
		0ABB8F6824288D1C00B6AEC6 /* CollectionPresenterTest.swift in Sources */ = {isa = PBXBuildFile; fileRef = 0ABB8F6724288D1C00B6AEC6 /* CollectionPresenterTest.swift */; };
		0ABEF93E23DF7949004D24CE /* SettingsViewController.swift in Sources */ = {isa = PBXBuildFile; fileRef = 0ABEF93D23DF7949004D24CE /* SettingsViewController.swift */; };
		0ABF01DF2429E9F600D7663E /* StorageManager.swift in Sources */ = {isa = PBXBuildFile; fileRef = 0ABF01DE2429E9F600D7663E /* StorageManager.swift */; };
		0AC68B2123CF86410086ADF9 /* MainTabBarController.swift in Sources */ = {isa = PBXBuildFile; fileRef = 0AC68B2023CF86410086ADF9 /* MainTabBarController.swift */; };
		0AC68B2323CF897B0086ADF9 /* BPMTimer.swift in Sources */ = {isa = PBXBuildFile; fileRef = 0AC68B2223CF897B0086ADF9 /* BPMTimer.swift */; };
		0AD435FD23D3AB9100BD0701 /* Instrument.swift in Sources */ = {isa = PBXBuildFile; fileRef = 0AD435FC23D3AB9100BD0701 /* Instrument.swift */; };
		0ADBDBFE24254F0D0049E485 /* MainTabBarPresenter.swift in Sources */ = {isa = PBXBuildFile; fileRef = 0ADBDBFD24254F0D0049E485 /* MainTabBarPresenter.swift */; };
		0AE03E5323DA1E10007DF4FA /* F.wav in Resources */ = {isa = PBXBuildFile; fileRef = 0AE03E4723DA1E0F007DF4FA /* F.wav */; };
		0AE03E5423DA1E10007DF4FA /* A.wav in Resources */ = {isa = PBXBuildFile; fileRef = 0AE03E4823DA1E0F007DF4FA /* A.wav */; };
		0AE03E5523DA1E10007DF4FA /* C.wav in Resources */ = {isa = PBXBuildFile; fileRef = 0AE03E4923DA1E0F007DF4FA /* C.wav */; };
		0AE03E5623DA1E10007DF4FA /* Eb.wav in Resources */ = {isa = PBXBuildFile; fileRef = 0AE03E4A23DA1E0F007DF4FA /* Eb.wav */; };
		0AE03E5723DA1E10007DF4FA /* Gb.wav in Resources */ = {isa = PBXBuildFile; fileRef = 0AE03E4B23DA1E0F007DF4FA /* Gb.wav */; };
		0AE03E5823DA1E10007DF4FA /* Bb.wav in Resources */ = {isa = PBXBuildFile; fileRef = 0AE03E4C23DA1E10007DF4FA /* Bb.wav */; };
		0AE03E5923DA1E10007DF4FA /* G.wav in Resources */ = {isa = PBXBuildFile; fileRef = 0AE03E4D23DA1E10007DF4FA /* G.wav */; };
		0AE03E5A23DA1E10007DF4FA /* Db.wav in Resources */ = {isa = PBXBuildFile; fileRef = 0AE03E4E23DA1E10007DF4FA /* Db.wav */; };
		0AE03E5B23DA1E10007DF4FA /* Ab.wav in Resources */ = {isa = PBXBuildFile; fileRef = 0AE03E4F23DA1E10007DF4FA /* Ab.wav */; };
		0AE03E5C23DA1E10007DF4FA /* D.wav in Resources */ = {isa = PBXBuildFile; fileRef = 0AE03E5023DA1E10007DF4FA /* D.wav */; };
		0AE03E5D23DA1E10007DF4FA /* B.wav in Resources */ = {isa = PBXBuildFile; fileRef = 0AE03E5123DA1E10007DF4FA /* B.wav */; };
		0AE03E5E23DA1E10007DF4FA /* E.wav in Resources */ = {isa = PBXBuildFile; fileRef = 0AE03E5223DA1E10007DF4FA /* E.wav */; };
		0AECD32F242C1845004CF80B /* InstrumentTableViewController.swift in Sources */ = {isa = PBXBuildFile; fileRef = 0AECD32E242C1845004CF80B /* InstrumentTableViewController.swift */; };
		0AFF14CF23CE117100F0DA9C /* Header.swift in Sources */ = {isa = PBXBuildFile; fileRef = 0AFF14CD23CE117100F0DA9C /* Header.swift */; };
		0AFF14D023CE117100F0DA9C /* HeaderView.xib in Resources */ = {isa = PBXBuildFile; fileRef = 0AFF14CE23CE117100F0DA9C /* HeaderView.xib */; };
		0AFF14DF23CE48C400F0DA9C /* Hi-hat.wav in Resources */ = {isa = PBXBuildFile; fileRef = 0AFF14DE23CE48C400F0DA9C /* Hi-hat.wav */; };
		0AFF14E123CE491100F0DA9C /* Snare.wav in Resources */ = {isa = PBXBuildFile; fileRef = 0AFF14E023CE491100F0DA9C /* Snare.wav */; };
		0AFF14E323CE4B3E00F0DA9C /* Bass.wav in Resources */ = {isa = PBXBuildFile; fileRef = 0AFF14E223CE4B3E00F0DA9C /* Bass.wav */; };
/* End PBXBuildFile section */

/* Begin PBXContainerItemProxy section */
		0AA9E6F524262A8C00A93774 /* PBXContainerItemProxy */ = {
			isa = PBXContainerItemProxy;
			containerPortal = 0AA6FECC23C908A2008757DA /* Project object */;
			proxyType = 1;
			remoteGlobalIDString = 0AA6FED323C908A2008757DA;
			remoteInfo = metronome;
		};
/* End PBXContainerItemProxy section */

/* Begin PBXFileReference section */
		0A02B0852428C4B600F886A5 /* SettingsPresenter.swift */ = {isa = PBXFileReference; lastKnownFileType = sourcecode.swift; path = SettingsPresenter.swift; sourceTree = "<group>"; };
		0A02B0872428C4C600F886A5 /* Settings.swift */ = {isa = PBXFileReference; lastKnownFileType = sourcecode.swift; path = Settings.swift; sourceTree = "<group>"; };
		0A05827223D79173002F22C8 /* NoteTableViewController.swift */ = {isa = PBXFileReference; lastKnownFileType = sourcecode.swift; path = NoteTableViewController.swift; sourceTree = "<group>"; };
		0A0A7FB023D8BA7D00EE5994 /* CollectionCell.swift */ = {isa = PBXFileReference; lastKnownFileType = sourcecode.swift; path = CollectionCell.swift; sourceTree = "<group>"; };
		0A0A7FB123D8BA7D00EE5994 /* CollectionCellView.xib */ = {isa = PBXFileReference; lastKnownFileType = file.xib; path = CollectionCellView.xib; sourceTree = "<group>"; };
		0A28439923D225510019B50F /* Footer.swift */ = {isa = PBXFileReference; lastKnownFileType = sourcecode.swift; path = Footer.swift; sourceTree = "<group>"; };
		0A28439A23D225510019B50F /* FooterView.xib */ = {isa = PBXFileReference; lastKnownFileType = file.xib; path = FooterView.xib; sourceTree = "<group>"; };
		0A3AFE1D23DB6646007293A6 /* EditableTableViewController.swift */ = {isa = PBXFileReference; lastKnownFileType = sourcecode.swift; path = EditableTableViewController.swift; sourceTree = "<group>"; };
		0A3AFE2323DB6F0C007293A6 /* Note.swift */ = {isa = PBXFileReference; lastKnownFileType = sourcecode.swift; path = Note.swift; sourceTree = "<group>"; };
		0A3AFE2523DB6F2D007293A6 /* Data.swift */ = {isa = PBXFileReference; lastKnownFileType = sourcecode.swift; path = Data.swift; sourceTree = "<group>"; };
		0A8758162427428200037222 /* MetronomeModelTest.swift */ = {isa = PBXFileReference; lastKnownFileType = sourcecode.swift; path = MetronomeModelTest.swift; sourceTree = "<group>"; };
		0A87581824276E2F00037222 /* EditableTablePresenterTest.swift */ = {isa = PBXFileReference; lastKnownFileType = sourcecode.swift; path = EditableTablePresenterTest.swift; sourceTree = "<group>"; };
		0A979F3B24334641000208D5 /* VibrationManager.swift */ = {isa = PBXFileReference; lastKnownFileType = sourcecode.swift; path = VibrationManager.swift; sourceTree = "<group>"; };
		0A9F10BB23D8025D00AF7B95 /* EditableTableCell.swift */ = {isa = PBXFileReference; lastKnownFileType = sourcecode.swift; path = EditableTableCell.swift; sourceTree = "<group>"; };
		0A9F10BC23D8025D00AF7B95 /* EditableTableCellView.xib */ = {isa = PBXFileReference; lastKnownFileType = file.xib; path = EditableTableCellView.xib; sourceTree = "<group>"; };
		0AA0891C2423397A0071CA7C /* NoteTablePresenter.swift */ = {isa = PBXFileReference; lastKnownFileType = sourcecode.swift; path = NoteTablePresenter.swift; sourceTree = "<group>"; };
		0AA0891F24233B650071CA7C /* InstrumentTablePresenter.swift */ = {isa = PBXFileReference; lastKnownFileType = sourcecode.swift; path = InstrumentTablePresenter.swift; sourceTree = "<group>"; };
		0AA08921242340C00071CA7C /* InstrumentTable.swift */ = {isa = PBXFileReference; lastKnownFileType = sourcecode.swift; path = InstrumentTable.swift; sourceTree = "<group>"; };
		0AA08923242341410071CA7C /* NoteTable.swift */ = {isa = PBXFileReference; lastKnownFileType = sourcecode.swift; path = NoteTable.swift; sourceTree = "<group>"; };
		0AA08925242344A30071CA7C /* InstrumentTableView.xib */ = {isa = PBXFileReference; lastKnownFileType = file.xib; path = InstrumentTableView.xib; sourceTree = "<group>"; };
		0AA089272423452E0071CA7C /* NoteTableView.xib */ = {isa = PBXFileReference; lastKnownFileType = file.xib; path = NoteTableView.xib; sourceTree = "<group>"; };
		0AA6FED423C908A2008757DA /* metronome.app */ = {isa = PBXFileReference; explicitFileType = wrapper.application; includeInIndex = 0; path = metronome.app; sourceTree = BUILT_PRODUCTS_DIR; };
		0AA6FED723C908A3008757DA /* AppDelegate.swift */ = {isa = PBXFileReference; lastKnownFileType = sourcecode.swift; path = AppDelegate.swift; sourceTree = "<group>"; };
		0AA6FED923C908A3008757DA /* SceneDelegate.swift */ = {isa = PBXFileReference; lastKnownFileType = sourcecode.swift; path = SceneDelegate.swift; sourceTree = "<group>"; };
		0AA6FEDB23C908A3008757DA /* MetronomeViewController.swift */ = {isa = PBXFileReference; lastKnownFileType = sourcecode.swift; path = MetronomeViewController.swift; sourceTree = "<group>"; };
		0AA6FEE023C908A7008757DA /* Assets.xcassets */ = {isa = PBXFileReference; lastKnownFileType = folder.assetcatalog; path = Assets.xcassets; sourceTree = "<group>"; };
		0AA6FEE323C908A7008757DA /* Base */ = {isa = PBXFileReference; lastKnownFileType = file.storyboard; name = Base; path = Base.lproj/LaunchScreen.storyboard; sourceTree = "<group>"; };
		0AA6FEE523C908A7008757DA /* Info.plist */ = {isa = PBXFileReference; lastKnownFileType = text.plist.xml; path = Info.plist; sourceTree = "<group>"; };
		0AA9E6F024262A8C00A93774 /* metronomeTests.xctest */ = {isa = PBXFileReference; explicitFileType = wrapper.cfbundle; includeInIndex = 0; path = metronomeTests.xctest; sourceTree = BUILT_PRODUCTS_DIR; };
		0AA9E6F424262A8C00A93774 /* Info.plist */ = {isa = PBXFileReference; lastKnownFileType = text.plist.xml; path = Info.plist; sourceTree = "<group>"; };
		0AA9E6FA24262B6400A93774 /* MetronomePresenterTest.swift */ = {isa = PBXFileReference; lastKnownFileType = sourcecode.swift; path = MetronomePresenterTest.swift; sourceTree = "<group>"; };
		0AAC5C5524216D890056DAE5 /* Metronome.swift */ = {isa = PBXFileReference; lastKnownFileType = sourcecode.swift; path = Metronome.swift; sourceTree = "<group>"; };
		0AAC5C57242172CB0056DAE5 /* Builder.swift */ = {isa = PBXFileReference; lastKnownFileType = sourcecode.swift; path = Builder.swift; sourceTree = "<group>"; };
		0AAC5C592421766F0056DAE5 /* MetronomePresenter.swift */ = {isa = PBXFileReference; lastKnownFileType = sourcecode.swift; path = MetronomePresenter.swift; sourceTree = "<group>"; };
		0AAC5C5B242179F20056DAE5 /* MetronomeView.xib */ = {isa = PBXFileReference; lastKnownFileType = file.xib; path = MetronomeView.xib; sourceTree = "<group>"; };
		0AAC5C6A242236400056DAE5 /* TempoCreator.swift */ = {isa = PBXFileReference; lastKnownFileType = sourcecode.swift; path = TempoCreator.swift; sourceTree = "<group>"; };
		0AAC5C6C242237B50056DAE5 /* SoundManager.swift */ = {isa = PBXFileReference; lastKnownFileType = sourcecode.swift; path = SoundManager.swift; sourceTree = "<group>"; };
		0AAC5C7624223D9B0056DAE5 /* GlobalSettings.swift */ = {isa = PBXFileReference; lastKnownFileType = sourcecode.swift; path = GlobalSettings.swift; sourceTree = "<group>"; };
		0AAC5C78242255160056DAE5 /* EditableTablePresenter.swift */ = {isa = PBXFileReference; lastKnownFileType = sourcecode.swift; path = EditableTablePresenter.swift; sourceTree = "<group>"; };
		0AAC5C7A242256110056DAE5 /* Table.swift */ = {isa = PBXFileReference; lastKnownFileType = sourcecode.swift; path = Table.swift; sourceTree = "<group>"; };
		0AAC5C8024226DA80056DAE5 /* CollectionPresenter.swift */ = {isa = PBXFileReference; lastKnownFileType = sourcecode.swift; path = CollectionPresenter.swift; sourceTree = "<group>"; };
		0AAC5C8224226E9F0056DAE5 /* Collection.swift */ = {isa = PBXFileReference; lastKnownFileType = sourcecode.swift; path = Collection.swift; sourceTree = "<group>"; };
		0AB708EE242B40060029EEE5 /* SettingsView.xib */ = {isa = PBXFileReference; lastKnownFileType = file.xib; path = SettingsView.xib; sourceTree = "<group>"; };
		0AB708F0242B71090029EEE5 /* SettingsCell.swift */ = {isa = PBXFileReference; lastKnownFileType = sourcecode.swift; path = SettingsCell.swift; sourceTree = "<group>"; };
		0AB708F1242B71090029EEE5 /* SettingsCellView.xib */ = {isa = PBXFileReference; lastKnownFileType = file.xib; path = SettingsCellView.xib; sourceTree = "<group>"; };
		0AB708F4242B98780029EEE5 /* Preset.swift */ = {isa = PBXFileReference; lastKnownFileType = sourcecode.swift; path = Preset.swift; sourceTree = "<group>"; };
		0AB708F6242BC79E0029EEE5 /* SettingsPresenterTest.swift */ = {isa = PBXFileReference; lastKnownFileType = sourcecode.swift; path = SettingsPresenterTest.swift; sourceTree = "<group>"; };
		0AB708FC242BE6BE0029EEE5 /* MainTabBarPresenterTest.swift */ = {isa = PBXFileReference; lastKnownFileType = sourcecode.swift; path = MainTabBarPresenterTest.swift; sourceTree = "<group>"; };
		0AB7F78E23D873C700A9F62A /* CollectionViewController.swift */ = {isa = PBXFileReference; lastKnownFileType = sourcecode.swift; path = CollectionViewController.swift; sourceTree = "<group>"; };
		0AB7F78F23D873C700A9F62A /* CollectionView.xib */ = {isa = PBXFileReference; lastKnownFileType = file.xib; path = CollectionView.xib; sourceTree = "<group>"; };
		0ABB8F6724288D1C00B6AEC6 /* CollectionPresenterTest.swift */ = {isa = PBXFileReference; lastKnownFileType = sourcecode.swift; path = CollectionPresenterTest.swift; sourceTree = "<group>"; };
		0ABEF93D23DF7949004D24CE /* SettingsViewController.swift */ = {isa = PBXFileReference; lastKnownFileType = sourcecode.swift; path = SettingsViewController.swift; sourceTree = "<group>"; };
		0ABF01DE2429E9F600D7663E /* StorageManager.swift */ = {isa = PBXFileReference; lastKnownFileType = sourcecode.swift; path = StorageManager.swift; sourceTree = "<group>"; };
		0AC68B2023CF86410086ADF9 /* MainTabBarController.swift */ = {isa = PBXFileReference; lastKnownFileType = sourcecode.swift; path = MainTabBarController.swift; sourceTree = "<group>"; };
		0AC68B2223CF897B0086ADF9 /* BPMTimer.swift */ = {isa = PBXFileReference; lastKnownFileType = sourcecode.swift; path = BPMTimer.swift; sourceTree = "<group>"; };
		0AD435FC23D3AB9100BD0701 /* Instrument.swift */ = {isa = PBXFileReference; lastKnownFileType = sourcecode.swift; path = Instrument.swift; sourceTree = "<group>"; };
		0ADBDBFD24254F0D0049E485 /* MainTabBarPresenter.swift */ = {isa = PBXFileReference; lastKnownFileType = sourcecode.swift; path = MainTabBarPresenter.swift; sourceTree = "<group>"; };
		0AE03E4723DA1E0F007DF4FA /* F.wav */ = {isa = PBXFileReference; lastKnownFileType = audio.wav; path = F.wav; sourceTree = "<group>"; };
		0AE03E4823DA1E0F007DF4FA /* A.wav */ = {isa = PBXFileReference; lastKnownFileType = audio.wav; path = A.wav; sourceTree = "<group>"; };
		0AE03E4923DA1E0F007DF4FA /* C.wav */ = {isa = PBXFileReference; lastKnownFileType = audio.wav; path = C.wav; sourceTree = "<group>"; };
		0AE03E4A23DA1E0F007DF4FA /* Eb.wav */ = {isa = PBXFileReference; lastKnownFileType = audio.wav; path = Eb.wav; sourceTree = "<group>"; };
		0AE03E4B23DA1E0F007DF4FA /* Gb.wav */ = {isa = PBXFileReference; lastKnownFileType = audio.wav; path = Gb.wav; sourceTree = "<group>"; };
		0AE03E4C23DA1E10007DF4FA /* Bb.wav */ = {isa = PBXFileReference; lastKnownFileType = audio.wav; path = Bb.wav; sourceTree = "<group>"; };
		0AE03E4D23DA1E10007DF4FA /* G.wav */ = {isa = PBXFileReference; lastKnownFileType = audio.wav; path = G.wav; sourceTree = "<group>"; };
		0AE03E4E23DA1E10007DF4FA /* Db.wav */ = {isa = PBXFileReference; lastKnownFileType = audio.wav; path = Db.wav; sourceTree = "<group>"; };
		0AE03E4F23DA1E10007DF4FA /* Ab.wav */ = {isa = PBXFileReference; lastKnownFileType = audio.wav; path = Ab.wav; sourceTree = "<group>"; };
		0AE03E5023DA1E10007DF4FA /* D.wav */ = {isa = PBXFileReference; lastKnownFileType = audio.wav; path = D.wav; sourceTree = "<group>"; };
		0AE03E5123DA1E10007DF4FA /* B.wav */ = {isa = PBXFileReference; lastKnownFileType = audio.wav; path = B.wav; sourceTree = "<group>"; };
		0AE03E5223DA1E10007DF4FA /* E.wav */ = {isa = PBXFileReference; lastKnownFileType = audio.wav; path = E.wav; sourceTree = "<group>"; };
		0AECD32E242C1845004CF80B /* InstrumentTableViewController.swift */ = {isa = PBXFileReference; lastKnownFileType = sourcecode.swift; path = InstrumentTableViewController.swift; sourceTree = "<group>"; };
		0AFF14CD23CE117100F0DA9C /* Header.swift */ = {isa = PBXFileReference; lastKnownFileType = sourcecode.swift; path = Header.swift; sourceTree = "<group>"; };
		0AFF14CE23CE117100F0DA9C /* HeaderView.xib */ = {isa = PBXFileReference; lastKnownFileType = file.xib; path = HeaderView.xib; sourceTree = "<group>"; };
		0AFF14DE23CE48C400F0DA9C /* Hi-hat.wav */ = {isa = PBXFileReference; lastKnownFileType = audio.wav; path = "Hi-hat.wav"; sourceTree = "<group>"; };
		0AFF14E023CE491100F0DA9C /* Snare.wav */ = {isa = PBXFileReference; lastKnownFileType = audio.wav; path = Snare.wav; sourceTree = "<group>"; };
		0AFF14E223CE4B3E00F0DA9C /* Bass.wav */ = {isa = PBXFileReference; lastKnownFileType = audio.wav; path = Bass.wav; sourceTree = "<group>"; };
/* End PBXFileReference section */

/* Begin PBXFrameworksBuildPhase section */
		0AA6FED123C908A2008757DA /* Frameworks */ = {
			isa = PBXFrameworksBuildPhase;
			buildActionMask = 2147483647;
			files = (
			);
			runOnlyForDeploymentPostprocessing = 0;
		};
		0AA9E6ED24262A8C00A93774 /* Frameworks */ = {
			isa = PBXFrameworksBuildPhase;
			buildActionMask = 2147483647;
			files = (
			);
			runOnlyForDeploymentPostprocessing = 0;
		};
/* End PBXFrameworksBuildPhase section */

/* Begin PBXGroup section */
		0A02B0892428C64B00F886A5 /* Model */ = {
			isa = PBXGroup;
			children = (
				0A02B0872428C4C600F886A5 /* Settings.swift */,
				0AB708F4242B98780029EEE5 /* Preset.swift */,
			);
			name = Model;
			sourceTree = "<group>";
		};
		0A02B08A2428C66E00F886A5 /* View */ = {
			isa = PBXGroup;
			children = (
				0ABEF93D23DF7949004D24CE /* SettingsViewController.swift */,
				0AB708EE242B40060029EEE5 /* SettingsView.xib */,
				0AB708F0242B71090029EEE5 /* SettingsCell.swift */,
				0AB708F1242B71090029EEE5 /* SettingsCellView.xib */,
			);
			name = View;
			sourceTree = "<group>";
		};
		0A02B08B2428C67400F886A5 /* Presenter */ = {
			isa = PBXGroup;
			children = (
				0A02B0852428C4B600F886A5 /* SettingsPresenter.swift */,
			);
			name = Presenter;
			sourceTree = "<group>";
		};
		0A3AFE2223DB6EB8007293A6 /* EditableTable */ = {
			isa = PBXGroup;
			children = (
				0AA0892F2423CA030071CA7C /* Model */,
				0AA089302423CA3C0071CA7C /* View */,
				0AA089312423CA460071CA7C /* Presenter */,
			);
			name = EditableTable;
			sourceTree = "<group>";
		};
		0A8000092426AFF600C340A3 /* TestMetronomeModule */ = {
			isa = PBXGroup;
			children = (
				0A8758162427428200037222 /* MetronomeModelTest.swift */,
				0AA9E6FA24262B6400A93774 /* MetronomePresenterTest.swift */,
			);
			path = TestMetronomeModule;
			sourceTree = "<group>";
		};
		0A87581A24276EDE00037222 /* TestEditableTableModule */ = {
			isa = PBXGroup;
			children = (
				0A87581824276E2F00037222 /* EditableTablePresenterTest.swift */,
			);
			path = TestEditableTableModule;
			sourceTree = "<group>";
		};
		0AA0891E24233B250071CA7C /* Instrument */ = {
			isa = PBXGroup;
			children = (
				0AA089292423C9B40071CA7C /* Model */,
				0AA0892A2423C9C70071CA7C /* View */,
				0AA0892B2423C9CE0071CA7C /* Presenter */,
			);
			name = Instrument;
			sourceTree = "<group>";
		};
		0AA089292423C9B40071CA7C /* Model */ = {
			isa = PBXGroup;
			children = (
				0AA08921242340C00071CA7C /* InstrumentTable.swift */,
				0AD435FC23D3AB9100BD0701 /* Instrument.swift */,
			);
			name = Model;
			sourceTree = "<group>";
		};
		0AA0892A2423C9C70071CA7C /* View */ = {
			isa = PBXGroup;
			children = (
				0AECD32E242C1845004CF80B /* InstrumentTableViewController.swift */,
				0AA08925242344A30071CA7C /* InstrumentTableView.xib */,
			);
			name = View;
			sourceTree = "<group>";
		};
		0AA0892B2423C9CE0071CA7C /* Presenter */ = {
			isa = PBXGroup;
			children = (
				0AA0891F24233B650071CA7C /* InstrumentTablePresenter.swift */,
			);
			name = Presenter;
			sourceTree = "<group>";
		};
		0AA0892C2423C9DA0071CA7C /* Model */ = {
			isa = PBXGroup;
			children = (
				0AA08923242341410071CA7C /* NoteTable.swift */,
				0A3AFE2323DB6F0C007293A6 /* Note.swift */,
			);
			name = Model;
			sourceTree = "<group>";
		};
		0AA0892D2423C9E00071CA7C /* View */ = {
			isa = PBXGroup;
			children = (
				0A05827223D79173002F22C8 /* NoteTableViewController.swift */,
				0AA089272423452E0071CA7C /* NoteTableView.xib */,
			);
			name = View;
			sourceTree = "<group>";
		};
		0AA0892E2423C9E70071CA7C /* Presenter */ = {
			isa = PBXGroup;
			children = (
				0AA0891C2423397A0071CA7C /* NoteTablePresenter.swift */,
			);
			name = Presenter;
			sourceTree = "<group>";
		};
		0AA0892F2423CA030071CA7C /* Model */ = {
			isa = PBXGroup;
			children = (
				0AAC5C7A242256110056DAE5 /* Table.swift */,
			);
			name = Model;
			sourceTree = "<group>";
		};
		0AA089302423CA3C0071CA7C /* View */ = {
			isa = PBXGroup;
			children = (
				0A3AFE1D23DB6646007293A6 /* EditableTableViewController.swift */,
				0A9F10BB23D8025D00AF7B95 /* EditableTableCell.swift */,
				0A9F10BC23D8025D00AF7B95 /* EditableTableCellView.xib */,
				0AFF14CD23CE117100F0DA9C /* Header.swift */,
				0AFF14CE23CE117100F0DA9C /* HeaderView.xib */,
				0A28439923D225510019B50F /* Footer.swift */,
				0A28439A23D225510019B50F /* FooterView.xib */,
			);
			name = View;
			sourceTree = "<group>";
		};
		0AA089312423CA460071CA7C /* Presenter */ = {
			isa = PBXGroup;
			children = (
				0AAC5C78242255160056DAE5 /* EditableTablePresenter.swift */,
			);
			name = Presenter;
			sourceTree = "<group>";
		};
		0AA089322423CA620071CA7C /* Model */ = {
			isa = PBXGroup;
			children = (
				0AAC5C8224226E9F0056DAE5 /* Collection.swift */,
			);
			name = Model;
			sourceTree = "<group>";
		};
		0AA089332423CA6B0071CA7C /* View */ = {
			isa = PBXGroup;
			children = (
				0AB7F78E23D873C700A9F62A /* CollectionViewController.swift */,
				0AB7F78F23D873C700A9F62A /* CollectionView.xib */,
				0A0A7FB023D8BA7D00EE5994 /* CollectionCell.swift */,
				0A0A7FB123D8BA7D00EE5994 /* CollectionCellView.xib */,
			);
			name = View;
			sourceTree = "<group>";
		};
		0AA089342423CA700071CA7C /* Presenter */ = {
			isa = PBXGroup;
			children = (
				0AAC5C8024226DA80056DAE5 /* CollectionPresenter.swift */,
			);
			name = Presenter;
			sourceTree = "<group>";
		};
		0AA6FECB23C908A2008757DA = {
			isa = PBXGroup;
			children = (
				0AA6FED623C908A2008757DA /* metronome */,
				0AA9E6F124262A8C00A93774 /* metronomeTests */,
				0AA6FED523C908A2008757DA /* Products */,
			);
			sourceTree = "<group>";
		};
		0AA6FED523C908A2008757DA /* Products */ = {
			isa = PBXGroup;
			children = (
				0AA6FED423C908A2008757DA /* metronome.app */,
				0AA9E6F024262A8C00A93774 /* metronomeTests.xctest */,
			);
			name = Products;
			sourceTree = "<group>";
		};
		0AA6FED623C908A2008757DA /* metronome */ = {
			isa = PBXGroup;
			children = (
				0ADBDBFF242563260049E485 /* MainTabBar */,
				0AAC5C6E2422382D0056DAE5 /* Metronome */,
				0AAC5C72242238BB0056DAE5 /* Settings */,
				0AA0891E24233B250071CA7C /* Instrument */,
				0AAC5C74242238ED0056DAE5 /* Note */,
				0AD435F523D39E9000BD0701 /* AdditionalFiles */,
			);
			path = metronome;
			sourceTree = "<group>";
		};
		0AA9E6F124262A8C00A93774 /* metronomeTests */ = {
			isa = PBXGroup;
			children = (
				0AECD32D242BE749004CF80B /* TestMainTabBarModule */,
				0A8000092426AFF600C340A3 /* TestMetronomeModule */,
				0AB708F8242BC7A60029EEE5 /* TestSettingsModule */,
				0A87581A24276EDE00037222 /* TestEditableTableModule */,
				0ABB8F6924288D3800B6AEC6 /* TestCollectionModule */,
				0AA9E6F424262A8C00A93774 /* Info.plist */,
			);
			path = metronomeTests;
			sourceTree = "<group>";
		};
		0AAC5C6E2422382D0056DAE5 /* Metronome */ = {
			isa = PBXGroup;
			children = (
				0AAC5C6F242238420056DAE5 /* Model */,
				0AAC5C702422384A0056DAE5 /* View */,
				0AAC5C71242238530056DAE5 /* Presenter */,
			);
			name = Metronome;
			sourceTree = "<group>";
		};
		0AAC5C6F242238420056DAE5 /* Model */ = {
			isa = PBXGroup;
			children = (
				0AAC5C5524216D890056DAE5 /* Metronome.swift */,
			);
			name = Model;
			sourceTree = "<group>";
		};
		0AAC5C702422384A0056DAE5 /* View */ = {
			isa = PBXGroup;
			children = (
				0AA6FEDB23C908A3008757DA /* MetronomeViewController.swift */,
				0AAC5C5B242179F20056DAE5 /* MetronomeView.xib */,
			);
			name = View;
			sourceTree = "<group>";
		};
		0AAC5C71242238530056DAE5 /* Presenter */ = {
			isa = PBXGroup;
			children = (
				0AAC5C592421766F0056DAE5 /* MetronomePresenter.swift */,
			);
			name = Presenter;
			sourceTree = "<group>";
		};
		0AAC5C72242238BB0056DAE5 /* Settings */ = {
			isa = PBXGroup;
			children = (
				0A02B0892428C64B00F886A5 /* Model */,
				0A02B08A2428C66E00F886A5 /* View */,
				0A02B08B2428C67400F886A5 /* Presenter */,
			);
			name = Settings;
			sourceTree = "<group>";
		};
		0AAC5C74242238ED0056DAE5 /* Note */ = {
			isa = PBXGroup;
			children = (
				0AA0892C2423C9DA0071CA7C /* Model */,
				0AA0892D2423C9E00071CA7C /* View */,
				0AA0892E2423C9E70071CA7C /* Presenter */,
			);
			name = Note;
			sourceTree = "<group>";
		};
		0AB708F8242BC7A60029EEE5 /* TestSettingsModule */ = {
			isa = PBXGroup;
			children = (
				0AB708F6242BC79E0029EEE5 /* SettingsPresenterTest.swift */,
			);
			path = TestSettingsModule;
			sourceTree = "<group>";
		};
		0ABB8F6924288D3800B6AEC6 /* TestCollectionModule */ = {
			isa = PBXGroup;
			children = (
				0ABB8F6724288D1C00B6AEC6 /* CollectionPresenterTest.swift */,
			);
			path = TestCollectionModule;
			sourceTree = "<group>";
		};
		0AD435F523D39E9000BD0701 /* AdditionalFiles */ = {
			isa = PBXGroup;
			children = (
				0AD4360023D3ABC000BD0701 /* System */,
				0A3AFE2223DB6EB8007293A6 /* EditableTable */,
				0AD435F723D39EA900BD0701 /* Collection */,
				0A3AFE2523DB6F2D007293A6 /* Data.swift */,
				0AC68B2223CF897B0086ADF9 /* BPMTimer.swift */,
				0AAC5C6A242236400056DAE5 /* TempoCreator.swift */,
				0AAC5C6C242237B50056DAE5 /* SoundManager.swift */,
				0A979F3B24334641000208D5 /* VibrationManager.swift */,
				0ABF01DE2429E9F600D7663E /* StorageManager.swift */,
				0AAC5C57242172CB0056DAE5 /* Builder.swift */,
				0AAC5C7624223D9B0056DAE5 /* GlobalSettings.swift */,
				0AD435FB23D39F2100BD0701 /* Sounds */,
			);
			name = AdditionalFiles;
			sourceTree = "<group>";
		};
		0AD435F723D39EA900BD0701 /* Collection */ = {
			isa = PBXGroup;
			children = (
				0AA089322423CA620071CA7C /* Model */,
				0AA089332423CA6B0071CA7C /* View */,
				0AA089342423CA700071CA7C /* Presenter */,
			);
			name = Collection;
			sourceTree = "<group>";
		};
		0AD435FB23D39F2100BD0701 /* Sounds */ = {
			isa = PBXGroup;
			children = (
				0AE03E4223DA17F9007DF4FA /* Instruments */,
				0AE03E3F23DA17E5007DF4FA /* Notes */,
			);
			name = Sounds;
			sourceTree = "<group>";
		};
		0AD4360023D3ABC000BD0701 /* System */ = {
			isa = PBXGroup;
			children = (
				0AA6FEE223C908A7008757DA /* LaunchScreen.storyboard */,
				0AA6FED923C908A3008757DA /* SceneDelegate.swift */,
				0AA6FED723C908A3008757DA /* AppDelegate.swift */,
				0AA6FEE523C908A7008757DA /* Info.plist */,
				0AA6FEE023C908A7008757DA /* Assets.xcassets */,
			);
			name = System;
			sourceTree = "<group>";
		};
		0ADBDBFF242563260049E485 /* MainTabBar */ = {
			isa = PBXGroup;
			children = (
				0ADBDC01242563350049E485 /* Controller */,
				0ADBDC002425632E0049E485 /* Presenter */,
			);
			name = MainTabBar;
			sourceTree = "<group>";
		};
		0ADBDC002425632E0049E485 /* Presenter */ = {
			isa = PBXGroup;
			children = (
				0ADBDBFD24254F0D0049E485 /* MainTabBarPresenter.swift */,
			);
			name = Presenter;
			sourceTree = "<group>";
		};
		0ADBDC01242563350049E485 /* Controller */ = {
			isa = PBXGroup;
			children = (
				0AC68B2023CF86410086ADF9 /* MainTabBarController.swift */,
			);
			name = Controller;
			sourceTree = "<group>";
		};
		0AE03E3F23DA17E5007DF4FA /* Notes */ = {
			isa = PBXGroup;
			children = (
				0AE03E4823DA1E0F007DF4FA /* A.wav */,
				0AE03E4F23DA1E10007DF4FA /* Ab.wav */,
				0AE03E5123DA1E10007DF4FA /* B.wav */,
				0AE03E4C23DA1E10007DF4FA /* Bb.wav */,
				0AE03E4923DA1E0F007DF4FA /* C.wav */,
				0AE03E5023DA1E10007DF4FA /* D.wav */,
				0AE03E4E23DA1E10007DF4FA /* Db.wav */,
				0AE03E5223DA1E10007DF4FA /* E.wav */,
				0AE03E4A23DA1E0F007DF4FA /* Eb.wav */,
				0AE03E4723DA1E0F007DF4FA /* F.wav */,
				0AE03E4D23DA1E10007DF4FA /* G.wav */,
				0AE03E4B23DA1E0F007DF4FA /* Gb.wav */,
			);
			name = Notes;
			sourceTree = "<group>";
		};
		0AE03E4223DA17F9007DF4FA /* Instruments */ = {
			isa = PBXGroup;
			children = (
				0AFF14DE23CE48C400F0DA9C /* Hi-hat.wav */,
				0AFF14E223CE4B3E00F0DA9C /* Bass.wav */,
				0AFF14E023CE491100F0DA9C /* Snare.wav */,
			);
			name = Instruments;
			sourceTree = "<group>";
		};
		0AECD32D242BE749004CF80B /* TestMainTabBarModule */ = {
			isa = PBXGroup;
			children = (
				0AB708FC242BE6BE0029EEE5 /* MainTabBarPresenterTest.swift */,
			);
			path = TestMainTabBarModule;
			sourceTree = "<group>";
		};
/* End PBXGroup section */

/* Begin PBXNativeTarget section */
		0AA6FED323C908A2008757DA /* metronome */ = {
			isa = PBXNativeTarget;
			buildConfigurationList = 0AA6FEFE23C908A7008757DA /* Build configuration list for PBXNativeTarget "metronome" */;
			buildPhases = (
				0AA6FED023C908A2008757DA /* Sources */,
				0AA6FED123C908A2008757DA /* Frameworks */,
				0AA6FED223C908A2008757DA /* Resources */,
			);
			buildRules = (
			);
			dependencies = (
			);
			name = metronome;
			productName = metronome;
			productReference = 0AA6FED423C908A2008757DA /* metronome.app */;
			productType = "com.apple.product-type.application";
		};
		0AA9E6EF24262A8C00A93774 /* metronomeTests */ = {
			isa = PBXNativeTarget;
			buildConfigurationList = 0AA9E6F724262A8C00A93774 /* Build configuration list for PBXNativeTarget "metronomeTests" */;
			buildPhases = (
				0AA9E6EC24262A8C00A93774 /* Sources */,
				0AA9E6ED24262A8C00A93774 /* Frameworks */,
				0AA9E6EE24262A8C00A93774 /* Resources */,
			);
			buildRules = (
			);
			dependencies = (
				0AA9E6F624262A8C00A93774 /* PBXTargetDependency */,
			);
			name = metronomeTests;
			productName = metronomeTests;
			productReference = 0AA9E6F024262A8C00A93774 /* metronomeTests.xctest */;
			productType = "com.apple.product-type.bundle.unit-test";
		};
/* End PBXNativeTarget section */

/* Begin PBXProject section */
		0AA6FECC23C908A2008757DA /* Project object */ = {
			isa = PBXProject;
			attributes = {
				LastSwiftUpdateCheck = 1130;
				LastUpgradeCheck = 1230;
				ORGANIZATIONNAME = Egor;
				TargetAttributes = {
					0AA6FED323C908A2008757DA = {
						CreatedOnToolsVersion = 11.3;
					};
					0AA9E6EF24262A8C00A93774 = {
						CreatedOnToolsVersion = 11.3;
						TestTargetID = 0AA6FED323C908A2008757DA;
					};
				};
			};
			buildConfigurationList = 0AA6FECF23C908A2008757DA /* Build configuration list for PBXProject "metronome" */;
			compatibilityVersion = "Xcode 9.3";
			developmentRegion = en;
			hasScannedForEncodings = 0;
			knownRegions = (
				en,
				Base,
			);
			mainGroup = 0AA6FECB23C908A2008757DA;
			productRefGroup = 0AA6FED523C908A2008757DA /* Products */;
			projectDirPath = "";
			projectRoot = "";
			targets = (
				0AA6FED323C908A2008757DA /* metronome */,
				0AA9E6EF24262A8C00A93774 /* metronomeTests */,
			);
		};
/* End PBXProject section */

/* Begin PBXResourcesBuildPhase section */
		0AA6FED223C908A2008757DA /* Resources */ = {
			isa = PBXResourcesBuildPhase;
			buildActionMask = 2147483647;
			files = (
				0AE03E5523DA1E10007DF4FA /* C.wav in Resources */,
				0AE03E5D23DA1E10007DF4FA /* B.wav in Resources */,
				0AE03E5423DA1E10007DF4FA /* A.wav in Resources */,
				0AB708F3242B71090029EEE5 /* SettingsCellView.xib in Resources */,
				0AA6FEE423C908A7008757DA /* LaunchScreen.storyboard in Resources */,
				0A28439C23D225510019B50F /* FooterView.xib in Resources */,
				0AA089282423452E0071CA7C /* NoteTableView.xib in Resources */,
				0AA6FEE123C908A7008757DA /* Assets.xcassets in Resources */,
				0AE03E5323DA1E10007DF4FA /* F.wav in Resources */,
				0AE03E5623DA1E10007DF4FA /* Eb.wav in Resources */,
				0AFF14E123CE491100F0DA9C /* Snare.wav in Resources */,
				0AE03E5823DA1E10007DF4FA /* Bb.wav in Resources */,
				0AB7F79123D873C700A9F62A /* CollectionView.xib in Resources */,
				0AE03E5E23DA1E10007DF4FA /* E.wav in Resources */,
				0AA08926242344A30071CA7C /* InstrumentTableView.xib in Resources */,
				0AFF14D023CE117100F0DA9C /* HeaderView.xib in Resources */,
				0AFF14E323CE4B3E00F0DA9C /* Bass.wav in Resources */,
				0AE03E5C23DA1E10007DF4FA /* D.wav in Resources */,
				0AB708EF242B40060029EEE5 /* SettingsView.xib in Resources */,
				0AE03E5A23DA1E10007DF4FA /* Db.wav in Resources */,
				0A0A7FB323D8BA7D00EE5994 /* CollectionCellView.xib in Resources */,
				0A9F10BE23D8025D00AF7B95 /* EditableTableCellView.xib in Resources */,
				0AAC5C5C242179F20056DAE5 /* MetronomeView.xib in Resources */,
				0AFF14DF23CE48C400F0DA9C /* Hi-hat.wav in Resources */,
				0AE03E5B23DA1E10007DF4FA /* Ab.wav in Resources */,
				0AE03E5923DA1E10007DF4FA /* G.wav in Resources */,
				0AE03E5723DA1E10007DF4FA /* Gb.wav in Resources */,
			);
			runOnlyForDeploymentPostprocessing = 0;
		};
		0AA9E6EE24262A8C00A93774 /* Resources */ = {
			isa = PBXResourcesBuildPhase;
			buildActionMask = 2147483647;
			files = (
			);
			runOnlyForDeploymentPostprocessing = 0;
		};
/* End PBXResourcesBuildPhase section */

/* Begin PBXSourcesBuildPhase section */
		0AA6FED023C908A2008757DA /* Sources */ = {
			isa = PBXSourcesBuildPhase;
			buildActionMask = 2147483647;
			files = (
				0AAC5C5624216D890056DAE5 /* Metronome.swift in Sources */,
				0AC68B2323CF897B0086ADF9 /* BPMTimer.swift in Sources */,
				0AB708F2242B71090029EEE5 /* SettingsCell.swift in Sources */,
				0AB708F5242B98780029EEE5 /* Preset.swift in Sources */,
				0AA08924242341410071CA7C /* NoteTable.swift in Sources */,
				0AA6FEDC23C908A3008757DA /* MetronomeViewController.swift in Sources */,
				0A05827323D79173002F22C8 /* NoteTableViewController.swift in Sources */,
				0AAC5C5A2421766F0056DAE5 /* MetronomePresenter.swift in Sources */,
				0A979F3C24334641000208D5 /* VibrationManager.swift in Sources */,
				0AD435FD23D3AB9100BD0701 /* Instrument.swift in Sources */,
				0AA08922242340C00071CA7C /* InstrumentTable.swift in Sources */,
				0AAC5C58242172CB0056DAE5 /* Builder.swift in Sources */,
				0A3AFE2423DB6F0C007293A6 /* Note.swift in Sources */,
				0AAC5C79242255160056DAE5 /* EditableTablePresenter.swift in Sources */,
				0AAC5C6D242237B50056DAE5 /* SoundManager.swift in Sources */,
				0AB7F79023D873C700A9F62A /* CollectionViewController.swift in Sources */,
				0AA6FED823C908A3008757DA /* AppDelegate.swift in Sources */,
				0A28439B23D225510019B50F /* Footer.swift in Sources */,
				0AAC5C6B242236400056DAE5 /* TempoCreator.swift in Sources */,
				0A9F10BD23D8025D00AF7B95 /* EditableTableCell.swift in Sources */,
				0AAC5C7B242256110056DAE5 /* Table.swift in Sources */,
				0AA0892024233B650071CA7C /* InstrumentTablePresenter.swift in Sources */,
				0A02B0882428C4C600F886A5 /* Settings.swift in Sources */,
				0AA6FEDA23C908A3008757DA /* SceneDelegate.swift in Sources */,
				0AAC5C8324226E9F0056DAE5 /* Collection.swift in Sources */,
				0A3AFE1E23DB6646007293A6 /* EditableTableViewController.swift in Sources */,
				0AECD32F242C1845004CF80B /* InstrumentTableViewController.swift in Sources */,
				0ABEF93E23DF7949004D24CE /* SettingsViewController.swift in Sources */,
				0AAC5C7724223D9B0056DAE5 /* GlobalSettings.swift in Sources */,
				0AAC5C8124226DA80056DAE5 /* CollectionPresenter.swift in Sources */,
				0AC68B2123CF86410086ADF9 /* MainTabBarController.swift in Sources */,
				0A0A7FB223D8BA7D00EE5994 /* CollectionCell.swift in Sources */,
				0ABF01DF2429E9F600D7663E /* StorageManager.swift in Sources */,
				0AA0891D2423397A0071CA7C /* NoteTablePresenter.swift in Sources */,
				0A02B0862428C4B600F886A5 /* SettingsPresenter.swift in Sources */,
				0ADBDBFE24254F0D0049E485 /* MainTabBarPresenter.swift in Sources */,
				0AFF14CF23CE117100F0DA9C /* Header.swift in Sources */,
				0A3AFE2623DB6F2D007293A6 /* Data.swift in Sources */,
			);
			runOnlyForDeploymentPostprocessing = 0;
		};
		0AA9E6EC24262A8C00A93774 /* Sources */ = {
			isa = PBXSourcesBuildPhase;
			buildActionMask = 2147483647;
			files = (
				0AB708F7242BC79E0029EEE5 /* SettingsPresenterTest.swift in Sources */,
				0ABB8F6824288D1C00B6AEC6 /* CollectionPresenterTest.swift in Sources */,
				0A8758172427428200037222 /* MetronomeModelTest.swift in Sources */,
				0AA9E6FB24262B6400A93774 /* MetronomePresenterTest.swift in Sources */,
				0A87581924276E3000037222 /* EditableTablePresenterTest.swift in Sources */,
				0AB708FD242BE6BE0029EEE5 /* MainTabBarPresenterTest.swift in Sources */,
			);
			runOnlyForDeploymentPostprocessing = 0;
		};
/* End PBXSourcesBuildPhase section */

/* Begin PBXTargetDependency section */
		0AA9E6F624262A8C00A93774 /* PBXTargetDependency */ = {
			isa = PBXTargetDependency;
			target = 0AA6FED323C908A2008757DA /* metronome */;
			targetProxy = 0AA9E6F524262A8C00A93774 /* PBXContainerItemProxy */;
		};
/* End PBXTargetDependency section */

/* Begin PBXVariantGroup section */
		0AA6FEE223C908A7008757DA /* LaunchScreen.storyboard */ = {
			isa = PBXVariantGroup;
			children = (
				0AA6FEE323C908A7008757DA /* Base */,
			);
			name = LaunchScreen.storyboard;
			sourceTree = "<group>";
		};
/* End PBXVariantGroup section */

/* Begin XCBuildConfiguration section */
		0AA6FEFC23C908A7008757DA /* Debug */ = {
			isa = XCBuildConfiguration;
			buildSettings = {
				ALWAYS_SEARCH_USER_PATHS = NO;
				CLANG_ANALYZER_NONNULL = YES;
				CLANG_ANALYZER_NUMBER_OBJECT_CONVERSION = YES_AGGRESSIVE;
				CLANG_CXX_LANGUAGE_STANDARD = "gnu++14";
				CLANG_CXX_LIBRARY = "libc++";
				CLANG_ENABLE_MODULES = YES;
				CLANG_ENABLE_OBJC_ARC = YES;
				CLANG_ENABLE_OBJC_WEAK = YES;
				CLANG_WARN_BLOCK_CAPTURE_AUTORELEASING = YES;
				CLANG_WARN_BOOL_CONVERSION = YES;
				CLANG_WARN_COMMA = YES;
				CLANG_WARN_CONSTANT_CONVERSION = YES;
				CLANG_WARN_DEPRECATED_OBJC_IMPLEMENTATIONS = YES;
				CLANG_WARN_DIRECT_OBJC_ISA_USAGE = YES_ERROR;
				CLANG_WARN_DOCUMENTATION_COMMENTS = YES;
				CLANG_WARN_EMPTY_BODY = YES;
				CLANG_WARN_ENUM_CONVERSION = YES;
				CLANG_WARN_INFINITE_RECURSION = YES;
				CLANG_WARN_INT_CONVERSION = YES;
				CLANG_WARN_NON_LITERAL_NULL_CONVERSION = YES;
				CLANG_WARN_OBJC_IMPLICIT_RETAIN_SELF = YES;
				CLANG_WARN_OBJC_LITERAL_CONVERSION = YES;
				CLANG_WARN_OBJC_ROOT_CLASS = YES_ERROR;
				CLANG_WARN_QUOTED_INCLUDE_IN_FRAMEWORK_HEADER = YES;
				CLANG_WARN_RANGE_LOOP_ANALYSIS = YES;
				CLANG_WARN_STRICT_PROTOTYPES = YES;
				CLANG_WARN_SUSPICIOUS_MOVE = YES;
				CLANG_WARN_UNGUARDED_AVAILABILITY = YES_AGGRESSIVE;
				CLANG_WARN_UNREACHABLE_CODE = YES;
				CLANG_WARN__DUPLICATE_METHOD_MATCH = YES;
				COPY_PHASE_STRIP = NO;
				DEBUG_INFORMATION_FORMAT = dwarf;
				ENABLE_STRICT_OBJC_MSGSEND = YES;
				ENABLE_TESTABILITY = YES;
				GCC_C_LANGUAGE_STANDARD = gnu11;
				GCC_DYNAMIC_NO_PIC = NO;
				GCC_NO_COMMON_BLOCKS = YES;
				GCC_OPTIMIZATION_LEVEL = 0;
				GCC_PREPROCESSOR_DEFINITIONS = (
					"DEBUG=1",
					"$(inherited)",
				);
				GCC_WARN_64_TO_32_BIT_CONVERSION = YES;
				GCC_WARN_ABOUT_RETURN_TYPE = YES_ERROR;
				GCC_WARN_UNDECLARED_SELECTOR = YES;
				GCC_WARN_UNINITIALIZED_AUTOS = YES_AGGRESSIVE;
				GCC_WARN_UNUSED_FUNCTION = YES;
				GCC_WARN_UNUSED_VARIABLE = YES;
				IPHONEOS_DEPLOYMENT_TARGET = 13.2;
				MTL_ENABLE_DEBUG_INFO = INCLUDE_SOURCE;
				MTL_FAST_MATH = YES;
				ONLY_ACTIVE_ARCH = YES;
				SDKROOT = iphoneos;
				SWIFT_ACTIVE_COMPILATION_CONDITIONS = DEBUG;
				SWIFT_OPTIMIZATION_LEVEL = "-Onone";
			};
			name = Debug;
		};
		0AA6FEFD23C908A7008757DA /* Release */ = {
			isa = XCBuildConfiguration;
			buildSettings = {
				ALWAYS_SEARCH_USER_PATHS = NO;
				CLANG_ANALYZER_NONNULL = YES;
				CLANG_ANALYZER_NUMBER_OBJECT_CONVERSION = YES_AGGRESSIVE;
				CLANG_CXX_LANGUAGE_STANDARD = "gnu++14";
				CLANG_CXX_LIBRARY = "libc++";
				CLANG_ENABLE_MODULES = YES;
				CLANG_ENABLE_OBJC_ARC = YES;
				CLANG_ENABLE_OBJC_WEAK = YES;
				CLANG_WARN_BLOCK_CAPTURE_AUTORELEASING = YES;
				CLANG_WARN_BOOL_CONVERSION = YES;
				CLANG_WARN_COMMA = YES;
				CLANG_WARN_CONSTANT_CONVERSION = YES;
				CLANG_WARN_DEPRECATED_OBJC_IMPLEMENTATIONS = YES;
				CLANG_WARN_DIRECT_OBJC_ISA_USAGE = YES_ERROR;
				CLANG_WARN_DOCUMENTATION_COMMENTS = YES;
				CLANG_WARN_EMPTY_BODY = YES;
				CLANG_WARN_ENUM_CONVERSION = YES;
				CLANG_WARN_INFINITE_RECURSION = YES;
				CLANG_WARN_INT_CONVERSION = YES;
				CLANG_WARN_NON_LITERAL_NULL_CONVERSION = YES;
				CLANG_WARN_OBJC_IMPLICIT_RETAIN_SELF = YES;
				CLANG_WARN_OBJC_LITERAL_CONVERSION = YES;
				CLANG_WARN_OBJC_ROOT_CLASS = YES_ERROR;
				CLANG_WARN_QUOTED_INCLUDE_IN_FRAMEWORK_HEADER = YES;
				CLANG_WARN_RANGE_LOOP_ANALYSIS = YES;
				CLANG_WARN_STRICT_PROTOTYPES = YES;
				CLANG_WARN_SUSPICIOUS_MOVE = YES;
				CLANG_WARN_UNGUARDED_AVAILABILITY = YES_AGGRESSIVE;
				CLANG_WARN_UNREACHABLE_CODE = YES;
				CLANG_WARN__DUPLICATE_METHOD_MATCH = YES;
				COPY_PHASE_STRIP = NO;
				DEBUG_INFORMATION_FORMAT = "dwarf-with-dsym";
				ENABLE_NS_ASSERTIONS = NO;
				ENABLE_STRICT_OBJC_MSGSEND = YES;
				GCC_C_LANGUAGE_STANDARD = gnu11;
				GCC_NO_COMMON_BLOCKS = YES;
				GCC_WARN_64_TO_32_BIT_CONVERSION = YES;
				GCC_WARN_ABOUT_RETURN_TYPE = YES_ERROR;
				GCC_WARN_UNDECLARED_SELECTOR = YES;
				GCC_WARN_UNINITIALIZED_AUTOS = YES_AGGRESSIVE;
				GCC_WARN_UNUSED_FUNCTION = YES;
				GCC_WARN_UNUSED_VARIABLE = YES;
				IPHONEOS_DEPLOYMENT_TARGET = 13.2;
				MTL_ENABLE_DEBUG_INFO = NO;
				MTL_FAST_MATH = YES;
				SDKROOT = iphoneos;
				SWIFT_COMPILATION_MODE = wholemodule;
				SWIFT_OPTIMIZATION_LEVEL = "-O";
				VALIDATE_PRODUCT = YES;
			};
			name = Release;
		};
		0AA6FEFF23C908A7008757DA /* Debug */ = {
			isa = XCBuildConfiguration;
			buildSettings = {
				ASSETCATALOG_COMPILER_APPICON_NAME = AppIcon;
				CODE_SIGN_STYLE = Automatic;
				DEVELOPMENT_TEAM = KD29M7856T;
				INFOPLIST_FILE = metronome/Info.plist;
				LD_RUNPATH_SEARCH_PATHS = (
					"$(inherited)",
					"@executable_path/Frameworks",
				);
				MARKETING_VERSION = 1.0;
				PRODUCT_BUNDLE_IDENTIFIER = Hyde.metronome;
				PRODUCT_NAME = "$(TARGET_NAME)";
				SWIFT_VERSION = 5.0;
				TARGETED_DEVICE_FAMILY = "1,2";
			};
			name = Debug;
		};
		0AA6FF0023C908A7008757DA /* Release */ = {
			isa = XCBuildConfiguration;
			buildSettings = {
				ASSETCATALOG_COMPILER_APPICON_NAME = AppIcon;
				CODE_SIGN_STYLE = Automatic;
				DEVELOPMENT_TEAM = KD29M7856T;
				INFOPLIST_FILE = metronome/Info.plist;
				LD_RUNPATH_SEARCH_PATHS = (
					"$(inherited)",
					"@executable_path/Frameworks",
				);
				MARKETING_VERSION = 1.0;
				PRODUCT_BUNDLE_IDENTIFIER = Hyde.metronome;
				PRODUCT_NAME = "$(TARGET_NAME)";
				SWIFT_VERSION = 5.0;
				TARGETED_DEVICE_FAMILY = "1,2";
			};
			name = Release;
		};
		0AA9E6F824262A8C00A93774 /* Debug */ = {
			isa = XCBuildConfiguration;
			buildSettings = {
				BUNDLE_LOADER = "$(TEST_HOST)";
				CODE_SIGN_IDENTITY = "Apple Development";
				CODE_SIGN_INJECT_BASE_ENTITLEMENTS = YES;
				CODE_SIGN_STYLE = Automatic;
				DEVELOPMENT_TEAM = KD29M7856T;
				INFOPLIST_FILE = metronomeTests/Info.plist;
				LD_RUNPATH_SEARCH_PATHS = (
					"$(inherited)",
					"@executable_path/Frameworks",
					"@loader_path/Frameworks",
				);
				PRODUCT_BUNDLE_IDENTIFIER = Hyde.metronomeTests;
				PRODUCT_NAME = "$(TARGET_NAME)";
				PROVISIONING_PROFILE_SPECIFIER = "";
				SWIFT_VERSION = 5.0;
				TARGETED_DEVICE_FAMILY = "1,2";
				TEST_HOST = "$(BUILT_PRODUCTS_DIR)/metronome.app/metronome";
			};
			name = Debug;
		};
		0AA9E6F924262A8C00A93774 /* Release */ = {
			isa = XCBuildConfiguration;
			buildSettings = {
				BUNDLE_LOADER = "$(TEST_HOST)";
				CODE_SIGN_IDENTITY = "Apple Development";
				CODE_SIGN_INJECT_BASE_ENTITLEMENTS = YES;
				CODE_SIGN_STYLE = Automatic;
				DEVELOPMENT_TEAM = KD29M7856T;
				INFOPLIST_FILE = metronomeTests/Info.plist;
				LD_RUNPATH_SEARCH_PATHS = (
					"$(inherited)",
					"@executable_path/Frameworks",
					"@loader_path/Frameworks",
				);
				PRODUCT_BUNDLE_IDENTIFIER = Hyde.metronomeTests;
				PRODUCT_NAME = "$(TARGET_NAME)";
				PROVISIONING_PROFILE_SPECIFIER = "";
				SWIFT_VERSION = 5.0;
				TARGETED_DEVICE_FAMILY = "1,2";
				TEST_HOST = "$(BUILT_PRODUCTS_DIR)/metronome.app/metronome";
			};
			name = Release;
		};
/* End XCBuildConfiguration section */

/* Begin XCConfigurationList section */
		0AA6FECF23C908A2008757DA /* Build configuration list for PBXProject "metronome" */ = {
			isa = XCConfigurationList;
			buildConfigurations = (
				0AA6FEFC23C908A7008757DA /* Debug */,
				0AA6FEFD23C908A7008757DA /* Release */,
			);
			defaultConfigurationIsVisible = 0;
			defaultConfigurationName = Release;
		};
		0AA6FEFE23C908A7008757DA /* Build configuration list for PBXNativeTarget "metronome" */ = {
			isa = XCConfigurationList;
			buildConfigurations = (
				0AA6FEFF23C908A7008757DA /* Debug */,
				0AA6FF0023C908A7008757DA /* Release */,
			);
			defaultConfigurationIsVisible = 0;
			defaultConfigurationName = Release;
		};
		0AA9E6F724262A8C00A93774 /* Build configuration list for PBXNativeTarget "metronomeTests" */ = {
			isa = XCConfigurationList;
			buildConfigurations = (
				0AA9E6F824262A8C00A93774 /* Debug */,
				0AA9E6F924262A8C00A93774 /* Release */,
			);
			defaultConfigurationIsVisible = 0;
			defaultConfigurationName = Release;
		};
/* End XCConfigurationList section */
	};
	rootObject = 0AA6FECC23C908A2008757DA /* Project object */;
}
